
Microsoft Visual Studio Solution File, Format Version 12.00
# Visual Studio Version 17
VisualStudioVersion = 17.7.34003.232
MinimumVisualStudioVersion = 10.0.40219.1
Project("{FAE04EC0-301F-11D3-BF4B-00C04F79EFBC}") = "IB_2324_CS_NestedLogic", "IB_2324_CS_NestedLogic\IB_2324_CS_NestedLogic.csproj", "{FF9DAEEA-B59C-4973-8FF3-5BE49F0674E3}"
EndProject
Global
	GlobalSection(SolutionConfigurationPlatforms) = preSolution
		Debug|Any CPU = Debug|Any CPU
		Release|Any CPU = Release|Any CPU
	EndGlobalSection
	GlobalSection(ProjectConfigurationPlatforms) = postSolution
		{FF9DAEEA-B59C-4973-8FF3-5BE49F0674E3}.Debug|Any CPU.ActiveCfg = Debug|Any CPU
		{FF9DAEEA-B59C-4973-8FF3-5BE49F0674E3}.Debug|Any CPU.Build.0 = Debug|Any CPU
		{FF9DAEEA-B59C-4973-8FF3-5BE49F0674E3}.Release|Any CPU.ActiveCfg = Release|Any CPU
		{FF9DAEEA-B59C-4973-8FF3-5BE49F0674E3}.Release|Any CPU.Build.0 = Release|Any CPU
	EndGlobalSection
	GlobalSection(SolutionProperties) = preSolution
		HideSolutionNode = FALSE
	EndGlobalSection
	GlobalSection(ExtensibilityGlobals) = postSolution
		SolutionGuid = {6731E13A-1A04-4AD3-B009-A69222F70153}
	EndGlobalSection
EndGlobal
